
Microsoft Visual Studio Solution File, Format Version 12.00
# Visual Studio Version 16
VisualStudioVersion = 25.0.1706.14
MinimumVisualStudioVersion = 10.0.40219.1
Project("{F2A71F9B-5D33-465A-A702-920D77279786}") = "BracketSequence", "BracketSequence.fsproj", "{A2CB2149-29E8-46F6-886C-2055C0147B2D}"
EndProject
Project("{F2A71F9B-5D33-465A-A702-920D77279786}") = "BracketSequence.Tests", "..\BracketSequence.Tests\BracketSequence.Tests.fsproj", "{7E89457D-5A00-410F-A24F-50F10C906788}"
EndProject
Global
	GlobalSection(SolutionConfigurationPlatforms) = preSolution
		Debug|Any CPU = Debug|Any CPU
		Release|Any CPU = Release|Any CPU
	EndGlobalSection
	GlobalSection(ProjectConfigurationPlatforms) = postSolution
		{A2CB2149-29E8-46F6-886C-2055C0147B2D}.Debug|Any CPU.ActiveCfg = Debug|Any CPU
		{A2CB2149-29E8-46F6-886C-2055C0147B2D}.Debug|Any CPU.Build.0 = Debug|Any CPU
		{A2CB2149-29E8-46F6-886C-2055C0147B2D}.Release|Any CPU.ActiveCfg = Release|Any CPU
		{A2CB2149-29E8-46F6-886C-2055C0147B2D}.Release|Any CPU.Build.0 = Release|Any CPU
		{7E89457D-5A00-410F-A24F-50F10C906788}.Debug|Any CPU.ActiveCfg = Debug|Any CPU
		{7E89457D-5A00-410F-A24F-50F10C906788}.Debug|Any CPU.Build.0 = Debug|Any CPU
		{7E89457D-5A00-410F-A24F-50F10C906788}.Release|Any CPU.ActiveCfg = Release|Any CPU
		{7E89457D-5A00-410F-A24F-50F10C906788}.Release|Any CPU.Build.0 = Release|Any CPU
	EndGlobalSection
	GlobalSection(SolutionProperties) = preSolution
		HideSolutionNode = FALSE
	EndGlobalSection
	GlobalSection(ExtensibilityGlobals) = postSolution
		SolutionGuid = {B3D8A4FD-3A28-4BCD-BFD8-85BD77F30461}
	EndGlobalSection
EndGlobal
