
Microsoft Visual Studio Solution File, Format Version 12.00
# Visual Studio Version 16
VisualStudioVersion = 25.0.1706.14
MinimumVisualStudioVersion = 10.0.40219.1
Project("{F2A71F9B-5D33-465A-A702-920D77279786}") = "TreeMap.Tests", "TreeMap.Tests.fsproj", "{7389DC81-D9A3-435C-9EB4-9191647152FB}"
EndProject
Global
	GlobalSection(SolutionConfigurationPlatforms) = preSolution
		Debug|Any CPU = Debug|Any CPU
		Release|Any CPU = Release|Any CPU
	EndGlobalSection
	GlobalSection(ProjectConfigurationPlatforms) = postSolution
		{7389DC81-D9A3-435C-9EB4-9191647152FB}.Debug|Any CPU.ActiveCfg = Debug|Any CPU
		{7389DC81-D9A3-435C-9EB4-9191647152FB}.Debug|Any CPU.Build.0 = Debug|Any CPU
		{7389DC81-D9A3-435C-9EB4-9191647152FB}.Release|Any CPU.ActiveCfg = Release|Any CPU
		{7389DC81-D9A3-435C-9EB4-9191647152FB}.Release|Any CPU.Build.0 = Release|Any CPU
	EndGlobalSection
	GlobalSection(SolutionProperties) = preSolution
		HideSolutionNode = FALSE
	EndGlobalSection
	GlobalSection(ExtensibilityGlobals) = postSolution
		SolutionGuid = {3D6A0B3F-AF23-4AE0-872C-B73017C55BD2}
	EndGlobalSection
EndGlobal
